// !$*UTF8*$!
{
	archiveVersion = 1;
	classes = {
	};
	objectVersion = 46;
	objects = {

/* Begin PBXBuildFile section */
		7244A0DC1B692CE400227E8F /* MainCell.swift in Sources */ = {isa = PBXBuildFile; fileRef = 7244A0DB1B692CE400227E8F /* MainCell.swift */; };
		726F2C521B88154400C7EA2A /* LICENSE in Resources */ = {isa = PBXBuildFile; fileRef = 726F2C511B88154400C7EA2A /* LICENSE */; };
		726F2C541B8816F100C7EA2A /* README in Resources */ = {isa = PBXBuildFile; fileRef = 726F2C531B8816F100C7EA2A /* README */; };
		72A110281B69051100FF2C19 /* AppDelegate.swift in Sources */ = {isa = PBXBuildFile; fileRef = 72A110271B69051100FF2C19 /* AppDelegate.swift */; };
		72A1102A1B69051100FF2C19 /* ViewController.swift in Sources */ = {isa = PBXBuildFile; fileRef = 72A110291B69051100FF2C19 /* ViewController.swift */; };
		72A1102D1B69051100FF2C19 /* Main.storyboard in Resources */ = {isa = PBXBuildFile; fileRef = 72A1102B1B69051100FF2C19 /* Main.storyboard */; };
		72A1102F1B69051100FF2C19 /* Images.xcassets in Resources */ = {isa = PBXBuildFile; fileRef = 72A1102E1B69051100FF2C19 /* Images.xcassets */; };
		72A110321B69051100FF2C19 /* LaunchScreen.xib in Resources */ = {isa = PBXBuildFile; fileRef = 72A110301B69051100FF2C19 /* LaunchScreen.xib */; };
		72A1103E1B69051100FF2C19 /* Alert_CoinTests.swift in Sources */ = {isa = PBXBuildFile; fileRef = 72A1103D1B69051100FF2C19 /* Alert_CoinTests.swift */; };
		72E00E8E1B880F9300CE2C8E /* CoinValues.swift in Sources */ = {isa = PBXBuildFile; fileRef = 72E00E8D1B880F9300CE2C8E /* CoinValues.swift */; };
/* End PBXBuildFile section */

/* Begin PBXContainerItemProxy section */
		72A110381B69051100FF2C19 /* PBXContainerItemProxy */ = {
			isa = PBXContainerItemProxy;
			containerPortal = 72A1101A1B69051100FF2C19 /* Project object */;
			proxyType = 1;
			remoteGlobalIDString = 72A110211B69051100FF2C19;
			remoteInfo = "Alert Coin";
		};
/* End PBXContainerItemProxy section */

/* Begin PBXFileReference section */
		7244A0DB1B692CE400227E8F /* MainCell.swift */ = {isa = PBXFileReference; fileEncoding = 4; lastKnownFileType = sourcecode.swift; path = MainCell.swift; sourceTree = "<group>"; };
		726F2C511B88154400C7EA2A /* LICENSE */ = {isa = PBXFileReference; fileEncoding = 4; lastKnownFileType = text; path = LICENSE; sourceTree = "<group>"; };
		726F2C531B8816F100C7EA2A /* README */ = {isa = PBXFileReference; fileEncoding = 4; lastKnownFileType = text; path = README; sourceTree = "<group>"; };
		72A110221B69051100FF2C19 /* Alert Coin.app */ = {isa = PBXFileReference; explicitFileType = wrapper.application; includeInIndex = 0; path = "Alert Coin.app"; sourceTree = BUILT_PRODUCTS_DIR; };
		72A110261B69051100FF2C19 /* Info.plist */ = {isa = PBXFileReference; lastKnownFileType = text.plist.xml; path = Info.plist; sourceTree = "<group>"; };
		72A110271B69051100FF2C19 /* AppDelegate.swift */ = {isa = PBXFileReference; lastKnownFileType = sourcecode.swift; path = AppDelegate.swift; sourceTree = "<group>"; };
		72A110291B69051100FF2C19 /* ViewController.swift */ = {isa = PBXFileReference; lastKnownFileType = sourcecode.swift; path = ViewController.swift; sourceTree = "<group>"; };
		72A1102C1B69051100FF2C19 /* Base */ = {isa = PBXFileReference; lastKnownFileType = file.storyboard; name = Base; path = Base.lproj/Main.storyboard; sourceTree = "<group>"; };
		72A1102E1B69051100FF2C19 /* Images.xcassets */ = {isa = PBXFileReference; lastKnownFileType = folder.assetcatalog; path = Images.xcassets; sourceTree = "<group>"; };
		72A110311B69051100FF2C19 /* Base */ = {isa = PBXFileReference; lastKnownFileType = file.xib; name = Base; path = Base.lproj/LaunchScreen.xib; sourceTree = "<group>"; };
		72A110371B69051100FF2C19 /* Alert CoinTests.xctest */ = {isa = PBXFileReference; explicitFileType = wrapper.cfbundle; includeInIndex = 0; path = "Alert CoinTests.xctest"; sourceTree = BUILT_PRODUCTS_DIR; };
		72A1103C1B69051100FF2C19 /* Info.plist */ = {isa = PBXFileReference; lastKnownFileType = text.plist.xml; path = Info.plist; sourceTree = "<group>"; };
		72A1103D1B69051100FF2C19 /* Alert_CoinTests.swift */ = {isa = PBXFileReference; lastKnownFileType = sourcecode.swift; path = Alert_CoinTests.swift; sourceTree = "<group>"; };
		72E00E8D1B880F9300CE2C8E /* CoinValues.swift */ = {isa = PBXFileReference; fileEncoding = 4; lastKnownFileType = sourcecode.swift; path = CoinValues.swift; sourceTree = "<group>"; };
/* End PBXFileReference section */

/* Begin PBXFrameworksBuildPhase section */
		72A1101F1B69051100FF2C19 /* Frameworks */ = {
			isa = PBXFrameworksBuildPhase;
			buildActionMask = 2147483647;
			files = (
			);
			runOnlyForDeploymentPostprocessing = 0;
		};
		72A110341B69051100FF2C19 /* Frameworks */ = {
			isa = PBXFrameworksBuildPhase;
			buildActionMask = 2147483647;
			files = (
			);
			runOnlyForDeploymentPostprocessing = 0;
		};
/* End PBXFrameworksBuildPhase section */

/* Begin PBXGroup section */
		72A110191B69051100FF2C19 = {
			isa = PBXGroup;
			children = (
				72A110241B69051100FF2C19 /* Alert Coin */,
				72A1103A1B69051100FF2C19 /* Alert CoinTests */,
				72A110231B69051100FF2C19 /* Products */,
				726F2C511B88154400C7EA2A /* LICENSE */,
				726F2C531B8816F100C7EA2A /* README */,
			);
			sourceTree = "<group>";
		};
		72A110231B69051100FF2C19 /* Products */ = {
			isa = PBXGroup;
			children = (
				72A110221B69051100FF2C19 /* Alert Coin.app */,
				72A110371B69051100FF2C19 /* Alert CoinTests.xctest */,
			);
			name = Products;
			sourceTree = "<group>";
		};
		72A110241B69051100FF2C19 /* Alert Coin */ = {
			isa = PBXGroup;
			children = (
				72A110271B69051100FF2C19 /* AppDelegate.swift */,
				72A110291B69051100FF2C19 /* ViewController.swift */,
				7244A0DB1B692CE400227E8F /* MainCell.swift */,
				72E00E8D1B880F9300CE2C8E /* CoinValues.swift */,
				72A1102B1B69051100FF2C19 /* Main.storyboard */,
				72A1102E1B69051100FF2C19 /* Images.xcassets */,
				72A110301B69051100FF2C19 /* LaunchScreen.xib */,
				72A110251B69051100FF2C19 /* Supporting Files */,
			);
			path = "Alert Coin";
			sourceTree = "<group>";
		};
		72A110251B69051100FF2C19 /* Supporting Files */ = {
			isa = PBXGroup;
			children = (
				72A110261B69051100FF2C19 /* Info.plist */,
			);
			name = "Supporting Files";
			sourceTree = "<group>";
		};
		72A1103A1B69051100FF2C19 /* Alert CoinTests */ = {
			isa = PBXGroup;
			children = (
				72A1103D1B69051100FF2C19 /* Alert_CoinTests.swift */,
				72A1103B1B69051100FF2C19 /* Supporting Files */,
			);
			path = "Alert CoinTests";
			sourceTree = "<group>";
		};
		72A1103B1B69051100FF2C19 /* Supporting Files */ = {
			isa = PBXGroup;
			children = (
				72A1103C1B69051100FF2C19 /* Info.plist */,
			);
			name = "Supporting Files";
			sourceTree = "<group>";
		};
/* End PBXGroup section */

/* Begin PBXNativeTarget section */
		72A110211B69051100FF2C19 /* Alert Coin */ = {
			isa = PBXNativeTarget;
			buildConfigurationList = 72A110411B69051100FF2C19 /* Build configuration list for PBXNativeTarget "Alert Coin" */;
			buildPhases = (
				72A1101E1B69051100FF2C19 /* Sources */,
				72A1101F1B69051100FF2C19 /* Frameworks */,
				72A110201B69051100FF2C19 /* Resources */,
			);
			buildRules = (
			);
			dependencies = (
			);
			name = "Alert Coin";
			productName = "Alert Coin";
			productReference = 72A110221B69051100FF2C19 /* Alert Coin.app */;
			productType = "com.apple.product-type.application";
		};
		72A110361B69051100FF2C19 /* Alert CoinTests */ = {
			isa = PBXNativeTarget;
			buildConfigurationList = 72A110441B69051100FF2C19 /* Build configuration list for PBXNativeTarget "Alert CoinTests" */;
			buildPhases = (
				72A110331B69051100FF2C19 /* Sources */,
				72A110341B69051100FF2C19 /* Frameworks */,
				72A110351B69051100FF2C19 /* Resources */,
			);
			buildRules = (
			);
			dependencies = (
				72A110391B69051100FF2C19 /* PBXTargetDependency */,
			);
			name = "Alert CoinTests";
			productName = "Alert CoinTests";
			productReference = 72A110371B69051100FF2C19 /* Alert CoinTests.xctest */;
			productType = "com.apple.product-type.bundle.unit-test";
		};
/* End PBXNativeTarget section */

/* Begin PBXProject section */
		72A1101A1B69051100FF2C19 /* Project object */ = {
			isa = PBXProject;
			attributes = {
				LastSwiftUpdateCheck = 0700;
				LastUpgradeCheck = 0640;
				ORGANIZATIONNAME = Ilha;
				TargetAttributes = {
					72A110211B69051100FF2C19 = {
						CreatedOnToolsVersion = 6.4;
					};
					72A110361B69051100FF2C19 = {
						CreatedOnToolsVersion = 6.4;
						TestTargetID = 72A110211B69051100FF2C19;
					};
				};
			};
			buildConfigurationList = 72A1101D1B69051100FF2C19 /* Build configuration list for PBXProject "Alert Coin" */;
			compatibilityVersion = "Xcode 3.2";
			developmentRegion = English;
			hasScannedForEncodings = 0;
			knownRegions = (
				en,
				Base,
			);
			mainGroup = 72A110191B69051100FF2C19;
			productRefGroup = 72A110231B69051100FF2C19 /* Products */;
			projectDirPath = "";
			projectRoot = "";
			targets = (
				72A110211B69051100FF2C19 /* Alert Coin */,
				72A110361B69051100FF2C19 /* Alert CoinTests */,
			);
		};
/* End PBXProject section */

/* Begin PBXResourcesBuildPhase section */
		72A110201B69051100FF2C19 /* Resources */ = {
			isa = PBXResourcesBuildPhase;
			buildActionMask = 2147483647;
			files = (
				726F2C541B8816F100C7EA2A /* README in Resources */,
				72A1102D1B69051100FF2C19 /* Main.storyboard in Resources */,
				72A110321B69051100FF2C19 /* LaunchScreen.xib in Resources */,
				726F2C521B88154400C7EA2A /* LICENSE in Resources */,
				72A1102F1B69051100FF2C19 /* Images.xcassets in Resources */,
			);
			runOnlyForDeploymentPostprocessing = 0;
		};
		72A110351B69051100FF2C19 /* Resources */ = {
			isa = PBXResourcesBuildPhase;
			buildActionMask = 2147483647;
			files = (
			);
			runOnlyForDeploymentPostprocessing = 0;
		};
/* End PBXResourcesBuildPhase section */

/* Begin PBXSourcesBuildPhase section */
		72A1101E1B69051100FF2C19 /* Sources */ = {
			isa = PBXSourcesBuildPhase;
			buildActionMask = 2147483647;
			files = (
				72E00E8E1B880F9300CE2C8E /* CoinValues.swift in Sources */,
				72A1102A1B69051100FF2C19 /* ViewController.swift in Sources */,
				72A110281B69051100FF2C19 /* AppDelegate.swift in Sources */,
				7244A0DC1B692CE400227E8F /* MainCell.swift in Sources */,
			);
			runOnlyForDeploymentPostprocessing = 0;
		};
		72A110331B69051100FF2C19 /* Sources */ = {
			isa = PBXSourcesBuildPhase;
			buildActionMask = 2147483647;
			files = (
				72A1103E1B69051100FF2C19 /* Alert_CoinTests.swift in Sources */,
			);
			runOnlyForDeploymentPostprocessing = 0;
		};
/* End PBXSourcesBuildPhase section */

/* Begin PBXTargetDependency section */
		72A110391B69051100FF2C19 /* PBXTargetDependency */ = {
			isa = PBXTargetDependency;
			target = 72A110211B69051100FF2C19 /* Alert Coin */;
			targetProxy = 72A110381B69051100FF2C19 /* PBXContainerItemProxy */;
		};
/* End PBXTargetDependency section */

/* Begin PBXVariantGroup section */
		72A1102B1B69051100FF2C19 /* Main.storyboard */ = {
			isa = PBXVariantGroup;
			children = (
				72A1102C1B69051100FF2C19 /* Base */,
			);
			name = Main.storyboard;
			sourceTree = "<group>";
		};
		72A110301B69051100FF2C19 /* LaunchScreen.xib */ = {
			isa = PBXVariantGroup;
			children = (
				72A110311B69051100FF2C19 /* Base */,
			);
			name = LaunchScreen.xib;
			sourceTree = "<group>";
		};
/* End PBXVariantGroup section */

/* Begin XCBuildConfiguration section */
		72A1103F1B69051100FF2C19 /* Debug */ = {
			isa = XCBuildConfiguration;
			buildSettings = {
				ALWAYS_SEARCH_USER_PATHS = NO;
				CLANG_CXX_LANGUAGE_STANDARD = "gnu++0x";
				CLANG_CXX_LIBRARY = "libc++";
				CLANG_ENABLE_MODULES = YES;
				CLANG_ENABLE_OBJC_ARC = YES;
				CLANG_WARN_BOOL_CONVERSION = YES;
				CLANG_WARN_CONSTANT_CONVERSION = YES;
				CLANG_WARN_DIRECT_OBJC_ISA_USAGE = YES_ERROR;
				CLANG_WARN_EMPTY_BODY = YES;
				CLANG_WARN_ENUM_CONVERSION = YES;
				CLANG_WARN_INT_CONVERSION = YES;
				CLANG_WARN_OBJC_ROOT_CLASS = YES_ERROR;
				CLANG_WARN_UNREACHABLE_CODE = YES;
				CLANG_WARN__DUPLICATE_METHOD_MATCH = YES;
				"CODE_SIGN_IDENTITY[sdk=iphoneos*]" = "iPhone Developer";
				COPY_PHASE_STRIP = NO;
				DEBUG_INFORMATION_FORMAT = "dwarf-with-dsym";
				ENABLE_STRICT_OBJC_MSGSEND = YES;
				GCC_C_LANGUAGE_STANDARD = gnu99;
				GCC_DYNAMIC_NO_PIC = NO;
				GCC_NO_COMMON_BLOCKS = YES;
				GCC_OPTIMIZATION_LEVEL = 0;
				GCC_PREPROCESSOR_DEFINITIONS = (
					"DEBUG=1",
					"$(inherited)",
				);
				GCC_SYMBOLS_PRIVATE_EXTERN = NO;
				GCC_WARN_64_TO_32_BIT_CONVERSION = YES;
				GCC_WARN_ABOUT_RETURN_TYPE = YES_ERROR;
				GCC_WARN_UNDECLARED_SELECTOR = YES;
				GCC_WARN_UNINITIALIZED_AUTOS = YES_AGGRESSIVE;
				GCC_WARN_UNUSED_FUNCTION = YES;
				GCC_WARN_UNUSED_VARIABLE = YES;
				IPHONEOS_DEPLOYMENT_TARGET = 8.4;
				MTL_ENABLE_DEBUG_INFO = YES;
				ONLY_ACTIVE_ARCH = YES;
				SDKROOT = iphoneos;
				SWIFT_OPTIMIZATION_LEVEL = "-Onone";
				TARGETED_DEVICE_FAMILY = "1,2";
			};
			name = Debug;
		};
		72A110401B69051100FF2C19 /* Release */ = {
			isa = XCBuildConfiguration;
			buildSettings = {
				ALWAYS_SEARCH_USER_PATHS = NO;
				CLANG_CXX_LANGUAGE_STANDARD = "gnu++0x";
				CLANG_CXX_LIBRARY = "libc++";
				CLANG_ENABLE_MODULES = YES;
				CLANG_ENABLE_OBJC_ARC = YES;
				CLANG_WARN_BOOL_CONVERSION = YES;
				CLANG_WARN_CONSTANT_CONVERSION = YES;
				CLANG_WARN_DIRECT_OBJC_ISA_USAGE = YES_ERROR;
				CLANG_WARN_EMPTY_BODY = YES;
				CLANG_WARN_ENUM_CONVERSION = YES;
				CLANG_WARN_INT_CONVERSION = YES;
				CLANG_WARN_OBJC_ROOT_CLASS = YES_ERROR;
				CLANG_WARN_UNREACHABLE_CODE = YES;
				CLANG_WARN__DUPLICATE_METHOD_MATCH = YES;
				"CODE_SIGN_IDENTITY[sdk=iphoneos*]" = "iPhone Developer";
				COPY_PHASE_STRIP = NO;
				DEBUG_INFORMATION_FORMAT = "dwarf-with-dsym";
				ENABLE_NS_ASSERTIONS = NO;
				ENABLE_STRICT_OBJC_MSGSEND = YES;
				GCC_C_LANGUAGE_STANDARD = gnu99;
				GCC_NO_COMMON_BLOCKS = YES;
				GCC_WARN_64_TO_32_BIT_CONVERSION = YES;
				GCC_WARN_ABOUT_RETURN_TYPE = YES_ERROR;
				GCC_WARN_UNDECLARED_SELECTOR = YES;
				GCC_WARN_UNINITIALIZED_AUTOS = YES_AGGRESSIVE;
				GCC_WARN_UNUSED_FUNCTION = YES;
				GCC_WARN_UNUSED_VARIABLE = YES;
				IPHONEOS_DEPLOYMENT_TARGET = 8.4;
				MTL_ENABLE_DEBUG_INFO = NO;
				SDKROOT = iphoneos;
				TARGETED_DEVICE_FAMILY = "1,2";
				VALIDATE_PRODUCT = YES;
			};
			name = Release;
		};
		72A110421B69051100FF2C19 /* Debug */ = {
			isa = XCBuildConfiguration;
			buildSettings = {
				ASSETCATALOG_COMPILER_APPICON_NAME = AppIcon;
				INFOPLIST_FILE = "Alert Coin/Info.plist";
				LD_RUNPATH_SEARCH_PATHS = "$(inherited) @executable_path/Frameworks";
				PRODUCT_NAME = "$(TARGET_NAME)";
				SWIFT_OPTIMIZATION_LEVEL = "-O";
			};
			name = Debug;
		};
		72A110431B69051100FF2C19 /* Release */ = {
			isa = XCBuildConfiguration;
			buildSettings = {
				ASSETCATALOG_COMPILER_APPICON_NAME = AppIcon;
				INFOPLIST_FILE = "Alert Coin/Info.plist";
				LD_RUNPATH_SEARCH_PATHS = "$(inherited) @executable_path/Frameworks";
				PRODUCT_NAME = "$(TARGET_NAME)";
				SWIFT_OPTIMIZATION_LEVEL = "-Onone";
			};
			name = Release;
		};
		72A110451B69051100FF2C19 /* Debug */ = {
			isa = XCBuildConfiguration;
			buildSettings = {
				BUNDLE_LOADER = "$(TEST_HOST)";
				FRAMEWORK_SEARCH_PATHS = (
					"$(SDKROOT)/Developer/Library/Frameworks",
					"$(inherited)",
				);
				GCC_PREPROCESSOR_DEFINITIONS = (
					"DEBUG=1",
					"$(inherited)",
				);
				INFOPLIST_FILE = "Alert CoinTests/Info.plist";
				LD_RUNPATH_SEARCH_PATHS = "$(inherited) @executable_path/Frameworks @loader_path/Frameworks";
				PRODUCT_NAME = "$(TARGET_NAME)";
				TEST_HOST = "$(BUILT_PRODUCTS_DIR)/Alert Coin.app/Alert Coin";
			};
			name = Debug;
		};
		72A110461B69051100FF2C19 /* Release */ = {
			isa = XCBuildConfiguration;
			buildSettings = {
				BUNDLE_LOADER = "$(TEST_HOST)";
				FRAMEWORK_SEARCH_PATHS = (
					"$(SDKROOT)/Developer/Library/Frameworks",
					"$(inherited)",
				);
				INFOPLIST_FILE = "Alert CoinTests/Info.plist";
				LD_RUNPATH_SEARCH_PATHS = "$(inherited) @executable_path/Frameworks @loader_path/Frameworks";
				PRODUCT_NAME = "$(TARGET_NAME)";
				TEST_HOST = "$(BUILT_PRODUCTS_DIR)/Alert Coin.app/Alert Coin";
			};
			name = Release;
		};
/* End XCBuildConfiguration section */

/* Begin XCConfigurationList section */
		72A1101D1B69051100FF2C19 /* Build configuration list for PBXProject "Alert Coin" */ = {
			isa = XCConfigurationList;
			buildConfigurations = (
				72A1103F1B69051100FF2C19 /* Debug */,
				72A110401B69051100FF2C19 /* Release */,
			);
			defaultConfigurationIsVisible = 0;
			defaultConfigurationName = Release;
		};
		72A110411B69051100FF2C19 /* Build configuration list for PBXNativeTarget "Alert Coin" */ = {
			isa = XCConfigurationList;
			buildConfigurations = (
				72A110421B69051100FF2C19 /* Debug */,
				72A110431B69051100FF2C19 /* Release */,
			);
			defaultConfigurationIsVisible = 0;
			defaultConfigurationName = Release;
		};
		72A110441B69051100FF2C19 /* Build configuration list for PBXNativeTarget "Alert CoinTests" */ = {
			isa = XCConfigurationList;
			buildConfigurations = (
				72A110451B69051100FF2C19 /* Debug */,
				72A110461B69051100FF2C19 /* Release */,
			);
			defaultConfigurationIsVisible = 0;
			defaultConfigurationName = Release;
		};
/* End XCConfigurationList section */
	};
	rootObject = 72A1101A1B69051100FF2C19 /* Project object */;
}
